PODS:
  - FANBaseConfig (0.1.0):
    - SnapKit (>= 5.0.0)
  - SnapKit (5.6.0)

DEPENDENCIES:
  - FANBaseConfig (from `../`)
  - SnapKit

SPEC REPOS:
  trunk:
    - SnapKit

EXTERNAL SOURCES:
  FANBaseConfig:
    :path: "../"

SPEC CHECKSUMS:
  FANBaseConfig: bcc21767c6792df80c33bccea658410442ed2b8b
  SnapKit: e01d52ebb8ddbc333eefe2132acf85c8227d9c25

PODFILE CHECKSUM: c71ccb5713f2376b9d6e3d57028e79f943d5aa6e

COCOAPODS: 1.11.3
